// !$*UTF8*$!
{
	archiveVersion = 1;
	classes = {
	};
	objectVersion = 55;
	objects = {

/* Begin PBXBuildFile section */
		1417A03828C2AF5D00340C2D /* milluLogo.m4v in Resources */ = {isa = PBXBuildFile; fileRef = 1417A03728C2AE4100340C2D /* milluLogo.m4v */; };
		14570B7828E8C558007F4974 /* exploreViewController.swift in Sources */ = {isa = PBXBuildFile; fileRef = 14570B7728E8C558007F4974 /* exploreViewController.swift */; };
		14570B7A28E8F661007F4974 /* Jost-Regular.ttf in Resources */ = {isa = PBXBuildFile; fileRef = 14570B7928E8F65C007F4974 /* Jost-Regular.ttf */; };
		14570B7C28E8F67C007F4974 /* Jost-Medium.ttf in Resources */ = {isa = PBXBuildFile; fileRef = 14570B7B28E8F67C007F4974 /* Jost-Medium.ttf */; };
		14570B7E28E8F695007F4974 /* Jost-ExtraLight.ttf in Resources */ = {isa = PBXBuildFile; fileRef = 14570B7D28E8F695007F4974 /* Jost-ExtraLight.ttf */; };
		14570B8128E8F9BF007F4974 /* calendarView.swift in Sources */ = {isa = PBXBuildFile; fileRef = 14570B8028E8F9BF007F4974 /* calendarView.swift */; };
		14B5C17B28E769E800D31EFC /* homeViewController.swift in Sources */ = {isa = PBXBuildFile; fileRef = 14B5C17A28E769E800D31EFC /* homeViewController.swift */; };
		14C5B19A28CBC34700B173C6 /* templateCard.swift in Sources */ = {isa = PBXBuildFile; fileRef = 14C5B19928CBC34700B173C6 /* templateCard.swift */; };
		14C5B19C28CBC73500B173C6 /* qotdCard.swift in Sources */ = {isa = PBXBuildFile; fileRef = 14C5B19B28CBC73500B173C6 /* qotdCard.swift */; };
		14C5B19E28CBC7C000B173C6 /* activityCard.swift in Sources */ = {isa = PBXBuildFile; fileRef = 14C5B19D28CBC7C000B173C6 /* activityCard.swift */; };
		14C5B1A028CBC8DB00B173C6 /* questionCard.swift in Sources */ = {isa = PBXBuildFile; fileRef = 14C5B19F28CBC8DB00B173C6 /* questionCard.swift */; };
		14C5B1A228CBC94A00B173C6 /* cardPage.swift in Sources */ = {isa = PBXBuildFile; fileRef = 14C5B1A128CBC94900B173C6 /* cardPage.swift */; };
		9029F8ED28C29CC0009E7819 /* AppDelegate.swift in Sources */ = {isa = PBXBuildFile; fileRef = 9029F8EC28C29CC0009E7819 /* AppDelegate.swift */; };
		9029F8EF28C29CC0009E7819 /* SceneDelegate.swift in Sources */ = {isa = PBXBuildFile; fileRef = 9029F8EE28C29CC0009E7819 /* SceneDelegate.swift */; };
		9029F8F128C29CC0009E7819 /* ViewController.swift in Sources */ = {isa = PBXBuildFile; fileRef = 9029F8F028C29CC0009E7819 /* ViewController.swift */; };
		9029F8F428C29CC0009E7819 /* Main.storyboard in Resources */ = {isa = PBXBuildFile; fileRef = 9029F8F228C29CC0009E7819 /* Main.storyboard */; };
		9029F8F628C29CC1009E7819 /* Assets.xcassets in Resources */ = {isa = PBXBuildFile; fileRef = 9029F8F528C29CC1009E7819 /* Assets.xcassets */; };
		9029F8F928C29CC1009E7819 /* LaunchScreen.storyboard in Resources */ = {isa = PBXBuildFile; fileRef = 9029F8F728C29CC1009E7819 /* LaunchScreen.storyboard */; };
		9029F90428C29CC1009E7819 /* MilluApplicationTests.swift in Sources */ = {isa = PBXBuildFile; fileRef = 9029F90328C29CC1009E7819 /* MilluApplicationTests.swift */; };
		9029F90E28C29CC1009E7819 /* MilluApplicationUITests.swift in Sources */ = {isa = PBXBuildFile; fileRef = 9029F90D28C29CC1009E7819 /* MilluApplicationUITests.swift */; };
		9029F91028C29CC1009E7819 /* MilluApplicationUITestsLaunchTests.swift in Sources */ = {isa = PBXBuildFile; fileRef = 9029F90F28C29CC1009E7819 /* MilluApplicationUITestsLaunchTests.swift */; };
		907C28B828E7D2320035D22E /* GoogleService-Info.plist in Resources */ = {isa = PBXBuildFile; fileRef = 907C28B728E7D2310035D22E /* GoogleService-Info.plist */; };
		907C28B928E7D2320035D22E /* GoogleService-Info.plist in Resources */ = {isa = PBXBuildFile; fileRef = 907C28B728E7D2310035D22E /* GoogleService-Info.plist */; };
		907C28BA28E7D2320035D22E /* GoogleService-Info.plist in Resources */ = {isa = PBXBuildFile; fileRef = 907C28B728E7D2310035D22E /* GoogleService-Info.plist */; };
		907C28BD28E7D4F10035D22E /* FirebaseAnalytics in Frameworks */ = {isa = PBXBuildFile; productRef = 907C28BC28E7D4F10035D22E /* FirebaseAnalytics */; };
		907C28BF28E7D4F10035D22E /* FirebaseAnalyticsOnDeviceConversion in Frameworks */ = {isa = PBXBuildFile; productRef = 907C28BE28E7D4F10035D22E /* FirebaseAnalyticsOnDeviceConversion */; };
		907C28C128E7D4F10035D22E /* FirebaseAnalyticsSwift in Frameworks */ = {isa = PBXBuildFile; productRef = 907C28C028E7D4F10035D22E /* FirebaseAnalyticsSwift */; };
		907C28C328E7D4F10035D22E /* FirebaseAnalyticsWithoutAdIdSupport in Frameworks */ = {isa = PBXBuildFile; productRef = 907C28C228E7D4F10035D22E /* FirebaseAnalyticsWithoutAdIdSupport */; };
		907C28C528E7D4F10035D22E /* FirebaseAppCheck in Frameworks */ = {isa = PBXBuildFile; productRef = 907C28C428E7D4F10035D22E /* FirebaseAppCheck */; };
		907C28C728E7D4F10035D22E /* FirebaseAppDistribution-Beta in Frameworks */ = {isa = PBXBuildFile; productRef = 907C28C628E7D4F10035D22E /* FirebaseAppDistribution-Beta */; };
		907C28C928E7D4F10035D22E /* FirebaseAuth in Frameworks */ = {isa = PBXBuildFile; productRef = 907C28C828E7D4F10035D22E /* FirebaseAuth */; };
		907C28CB28E7D4F10035D22E /* FirebaseAuthCombine-Community in Frameworks */ = {isa = PBXBuildFile; productRef = 907C28CA28E7D4F10035D22E /* FirebaseAuthCombine-Community */; };
		907C28CD28E7D4F10035D22E /* FirebaseCrashlytics in Frameworks */ = {isa = PBXBuildFile; productRef = 907C28CC28E7D4F10035D22E /* FirebaseCrashlytics */; };
		907C28CF28E7D4F10035D22E /* FirebaseDatabase in Frameworks */ = {isa = PBXBuildFile; productRef = 907C28CE28E7D4F10035D22E /* FirebaseDatabase */; };
		907C28D128E7D4F10035D22E /* FirebaseDatabaseSwift in Frameworks */ = {isa = PBXBuildFile; productRef = 907C28D028E7D4F10035D22E /* FirebaseDatabaseSwift */; };
		907C28D328E7D4F10035D22E /* FirebaseDynamicLinks in Frameworks */ = {isa = PBXBuildFile; productRef = 907C28D228E7D4F10035D22E /* FirebaseDynamicLinks */; };
		907C28D528E7D4F10035D22E /* FirebaseFirestore in Frameworks */ = {isa = PBXBuildFile; productRef = 907C28D428E7D4F10035D22E /* FirebaseFirestore */; };
		907C28D728E7D4F10035D22E /* FirebaseFirestoreCombine-Community in Frameworks */ = {isa = PBXBuildFile; productRef = 907C28D628E7D4F10035D22E /* FirebaseFirestoreCombine-Community */; };
		907C28D928E7D4F10035D22E /* FirebaseFirestoreSwift in Frameworks */ = {isa = PBXBuildFile; productRef = 907C28D828E7D4F10035D22E /* FirebaseFirestoreSwift */; };
		907C28DB28E7D4F10035D22E /* FirebaseFunctions in Frameworks */ = {isa = PBXBuildFile; productRef = 907C28DA28E7D4F10035D22E /* FirebaseFunctions */; };
		907C28DD28E7D4F10035D22E /* FirebaseFunctionsCombine-Community in Frameworks */ = {isa = PBXBuildFile; productRef = 907C28DC28E7D4F10035D22E /* FirebaseFunctionsCombine-Community */; };
		907C28DF28E7D4F10035D22E /* FirebaseInAppMessaging-Beta in Frameworks */ = {isa = PBXBuildFile; productRef = 907C28DE28E7D4F10035D22E /* FirebaseInAppMessaging-Beta */; };
		907C28E128E7D4F10035D22E /* FirebaseInAppMessagingSwift-Beta in Frameworks */ = {isa = PBXBuildFile; productRef = 907C28E028E7D4F10035D22E /* FirebaseInAppMessagingSwift-Beta */; };
		907C28E328E7D4F10035D22E /* FirebaseInstallations in Frameworks */ = {isa = PBXBuildFile; productRef = 907C28E228E7D4F10035D22E /* FirebaseInstallations */; };
		907C28E528E7D4F10035D22E /* FirebaseMessaging in Frameworks */ = {isa = PBXBuildFile; productRef = 907C28E428E7D4F10035D22E /* FirebaseMessaging */; };
		907C28E728E7D4F10035D22E /* FirebasePerformance in Frameworks */ = {isa = PBXBuildFile; productRef = 907C28E628E7D4F10035D22E /* FirebasePerformance */; };
		907C28E928E7D4F10035D22E /* FirebaseRemoteConfig in Frameworks */ = {isa = PBXBuildFile; productRef = 907C28E828E7D4F10035D22E /* FirebaseRemoteConfig */; };
		907C28EB28E7D4F10035D22E /* FirebaseRemoteConfigSwift in Frameworks */ = {isa = PBXBuildFile; productRef = 907C28EA28E7D4F10035D22E /* FirebaseRemoteConfigSwift */; };
		907C28ED28E7D4F10035D22E /* FirebaseStorage in Frameworks */ = {isa = PBXBuildFile; productRef = 907C28EC28E7D4F10035D22E /* FirebaseStorage */; };
		907C28EF28E7D4F10035D22E /* FirebaseStorageCombine-Community in Frameworks */ = {isa = PBXBuildFile; productRef = 907C28EE28E7D4F10035D22E /* FirebaseStorageCombine-Community */; };
/* End PBXBuildFile section */

/* Begin PBXContainerItemProxy section */
		9029F90028C29CC1009E7819 /* PBXContainerItemProxy */ = {
			isa = PBXContainerItemProxy;
			containerPortal = 9029F8E128C29CC0009E7819 /* Project object */;
			proxyType = 1;
			remoteGlobalIDString = 9029F8E828C29CC0009E7819;
			remoteInfo = MilluApplication;
		};
		9029F90A28C29CC1009E7819 /* PBXContainerItemProxy */ = {
			isa = PBXContainerItemProxy;
			containerPortal = 9029F8E128C29CC0009E7819 /* Project object */;
			proxyType = 1;
			remoteGlobalIDString = 9029F8E828C29CC0009E7819;
			remoteInfo = MilluApplication;
		};
/* End PBXContainerItemProxy section */

/* Begin PBXFileReference section */
		1417A03728C2AE4100340C2D /* milluLogo.m4v */ = {isa = PBXFileReference; lastKnownFileType = file; name = milluLogo.m4v; path = ../../milluLogo.m4v; sourceTree = "<group>"; };
		14570B7728E8C558007F4974 /* exploreViewController.swift */ = {isa = PBXFileReference; lastKnownFileType = sourcecode.swift; path = exploreViewController.swift; sourceTree = "<group>"; };
		14570B7928E8F65C007F4974 /* Jost-Regular.ttf */ = {isa = PBXFileReference; lastKnownFileType = file; path = "Jost-Regular.ttf"; sourceTree = "<group>"; };
		14570B7B28E8F67C007F4974 /* Jost-Medium.ttf */ = {isa = PBXFileReference; lastKnownFileType = file; path = "Jost-Medium.ttf"; sourceTree = "<group>"; };
		14570B7D28E8F695007F4974 /* Jost-ExtraLight.ttf */ = {isa = PBXFileReference; lastKnownFileType = file; path = "Jost-ExtraLight.ttf"; sourceTree = "<group>"; };
		14570B8028E8F9BF007F4974 /* calendarView.swift */ = {isa = PBXFileReference; lastKnownFileType = sourcecode.swift; path = calendarView.swift; sourceTree = "<group>"; };
		14B5C17A28E769E800D31EFC /* homeViewController.swift */ = {isa = PBXFileReference; lastKnownFileType = sourcecode.swift; path = homeViewController.swift; sourceTree = "<group>"; };
		14C5B19928CBC34700B173C6 /* templateCard.swift */ = {isa = PBXFileReference; lastKnownFileType = sourcecode.swift; path = templateCard.swift; sourceTree = "<group>"; };
		14C5B19B28CBC73500B173C6 /* qotdCard.swift */ = {isa = PBXFileReference; lastKnownFileType = sourcecode.swift; path = qotdCard.swift; sourceTree = "<group>"; };
		14C5B19D28CBC7C000B173C6 /* activityCard.swift */ = {isa = PBXFileReference; lastKnownFileType = sourcecode.swift; path = activityCard.swift; sourceTree = "<group>"; };
		14C5B19F28CBC8DB00B173C6 /* questionCard.swift */ = {isa = PBXFileReference; lastKnownFileType = sourcecode.swift; path = questionCard.swift; sourceTree = "<group>"; };
		14C5B1A128CBC94900B173C6 /* cardPage.swift */ = {isa = PBXFileReference; lastKnownFileType = sourcecode.swift; path = cardPage.swift; sourceTree = "<group>"; };
		9029F8E928C29CC0009E7819 /* MilluApplication.app */ = {isa = PBXFileReference; explicitFileType = wrapper.application; includeInIndex = 0; path = MilluApplication.app; sourceTree = BUILT_PRODUCTS_DIR; };
		9029F8EC28C29CC0009E7819 /* AppDelegate.swift */ = {isa = PBXFileReference; lastKnownFileType = sourcecode.swift; path = AppDelegate.swift; sourceTree = "<group>"; };
		9029F8EE28C29CC0009E7819 /* SceneDelegate.swift */ = {isa = PBXFileReference; lastKnownFileType = sourcecode.swift; path = SceneDelegate.swift; sourceTree = "<group>"; };
		9029F8F028C29CC0009E7819 /* ViewController.swift */ = {isa = PBXFileReference; lastKnownFileType = sourcecode.swift; path = ViewController.swift; sourceTree = "<group>"; };
		9029F8F328C29CC0009E7819 /* Base */ = {isa = PBXFileReference; lastKnownFileType = file.storyboard; name = Base; path = Base.lproj/Main.storyboard; sourceTree = "<group>"; };
		9029F8F528C29CC1009E7819 /* Assets.xcassets */ = {isa = PBXFileReference; lastKnownFileType = folder.assetcatalog; path = Assets.xcassets; sourceTree = "<group>"; };
		9029F8F828C29CC1009E7819 /* Base */ = {isa = PBXFileReference; lastKnownFileType = file.storyboard; name = Base; path = Base.lproj/LaunchScreen.storyboard; sourceTree = "<group>"; };
		9029F8FA28C29CC1009E7819 /* Info.plist */ = {isa = PBXFileReference; lastKnownFileType = text.plist.xml; path = Info.plist; sourceTree = "<group>"; };
		9029F8FF28C29CC1009E7819 /* MilluApplicationTests.xctest */ = {isa = PBXFileReference; explicitFileType = wrapper.cfbundle; includeInIndex = 0; path = MilluApplicationTests.xctest; sourceTree = BUILT_PRODUCTS_DIR; };
		9029F90328C29CC1009E7819 /* MilluApplicationTests.swift */ = {isa = PBXFileReference; lastKnownFileType = sourcecode.swift; path = MilluApplicationTests.swift; sourceTree = "<group>"; };
		9029F90928C29CC1009E7819 /* MilluApplicationUITests.xctest */ = {isa = PBXFileReference; explicitFileType = wrapper.cfbundle; includeInIndex = 0; path = MilluApplicationUITests.xctest; sourceTree = BUILT_PRODUCTS_DIR; };
		9029F90D28C29CC1009E7819 /* MilluApplicationUITests.swift */ = {isa = PBXFileReference; lastKnownFileType = sourcecode.swift; path = MilluApplicationUITests.swift; sourceTree = "<group>"; };
		9029F90F28C29CC1009E7819 /* MilluApplicationUITestsLaunchTests.swift */ = {isa = PBXFileReference; lastKnownFileType = sourcecode.swift; path = MilluApplicationUITestsLaunchTests.swift; sourceTree = "<group>"; };
		907C28B728E7D2310035D22E /* GoogleService-Info.plist */ = {isa = PBXFileReference; fileEncoding = 4; lastKnownFileType = text.plist.xml; path = "GoogleService-Info.plist"; sourceTree = "<group>"; };
/* End PBXFileReference section */

/* Begin PBXFrameworksBuildPhase section */
		9029F8E628C29CC0009E7819 /* Frameworks */ = {
			isa = PBXFrameworksBuildPhase;
			buildActionMask = 2147483647;
			files = (
				907C28E728E7D4F10035D22E /* FirebasePerformance in Frameworks */,
				907C28CF28E7D4F10035D22E /* FirebaseDatabase in Frameworks */,
				907C28DD28E7D4F10035D22E /* FirebaseFunctionsCombine-Community in Frameworks */,
				907C28ED28E7D4F10035D22E /* FirebaseStorage in Frameworks */,
				907C28D528E7D4F10035D22E /* FirebaseFirestore in Frameworks */,
				907C28C128E7D4F10035D22E /* FirebaseAnalyticsSwift in Frameworks */,
				907C28BD28E7D4F10035D22E /* FirebaseAnalytics in Frameworks */,
				907C28BF28E7D4F10035D22E /* FirebaseAnalyticsOnDeviceConversion in Frameworks */,
				907C28D928E7D4F10035D22E /* FirebaseFirestoreSwift in Frameworks */,
				907C28C528E7D4F10035D22E /* FirebaseAppCheck in Frameworks */,
				907C28EB28E7D4F10035D22E /* FirebaseRemoteConfigSwift in Frameworks */,
				907C28C328E7D4F10035D22E /* FirebaseAnalyticsWithoutAdIdSupport in Frameworks */,
				907C28E528E7D4F10035D22E /* FirebaseMessaging in Frameworks */,
				907C28C928E7D4F10035D22E /* FirebaseAuth in Frameworks */,
				907C28CD28E7D4F10035D22E /* FirebaseCrashlytics in Frameworks */,
				907C28DF28E7D4F10035D22E /* FirebaseInAppMessaging-Beta in Frameworks */,
				907C28EF28E7D4F10035D22E /* FirebaseStorageCombine-Community in Frameworks */,
				907C28D128E7D4F10035D22E /* FirebaseDatabaseSwift in Frameworks */,
				907C28DB28E7D4F10035D22E /* FirebaseFunctions in Frameworks */,
				907C28C728E7D4F10035D22E /* FirebaseAppDistribution-Beta in Frameworks */,
				907C28CB28E7D4F10035D22E /* FirebaseAuthCombine-Community in Frameworks */,
				907C28E928E7D4F10035D22E /* FirebaseRemoteConfig in Frameworks */,
				907C28E128E7D4F10035D22E /* FirebaseInAppMessagingSwift-Beta in Frameworks */,
				907C28D328E7D4F10035D22E /* FirebaseDynamicLinks in Frameworks */,
				907C28D728E7D4F10035D22E /* FirebaseFirestoreCombine-Community in Frameworks */,
				907C28E328E7D4F10035D22E /* FirebaseInstallations in Frameworks */,
			);
			runOnlyForDeploymentPostprocessing = 0;
		};
		9029F8FC28C29CC1009E7819 /* Frameworks */ = {
			isa = PBXFrameworksBuildPhase;
			buildActionMask = 2147483647;
			files = (
			);
			runOnlyForDeploymentPostprocessing = 0;
		};
		9029F90628C29CC1009E7819 /* Frameworks */ = {
			isa = PBXFrameworksBuildPhase;
			buildActionMask = 2147483647;
			files = (
			);
			runOnlyForDeploymentPostprocessing = 0;
		};
/* End PBXFrameworksBuildPhase section */

/* Begin PBXGroup section */
		14570B7F28E8F69E007F4974 /* Jost Font */ = {
			isa = PBXGroup;
			children = (
				14570B7928E8F65C007F4974 /* Jost-Regular.ttf */,
				14570B7D28E8F695007F4974 /* Jost-ExtraLight.ttf */,
				14570B7B28E8F67C007F4974 /* Jost-Medium.ttf */,
			);
			path = "Jost Font";
			sourceTree = "<group>";
		};
		9029F8E028C29CC0009E7819 = {
			isa = PBXGroup;
			children = (
				9029F8EB28C29CC0009E7819 /* MilluApplication */,
				9029F90228C29CC1009E7819 /* MilluApplicationTests */,
				9029F90C28C29CC1009E7819 /* MilluApplicationUITests */,
				9029F8EA28C29CC0009E7819 /* Products */,
			);
			sourceTree = "<group>";
		};
		9029F8EA28C29CC0009E7819 /* Products */ = {
			isa = PBXGroup;
			children = (
				9029F8E928C29CC0009E7819 /* MilluApplication.app */,
				9029F8FF28C29CC1009E7819 /* MilluApplicationTests.xctest */,
				9029F90928C29CC1009E7819 /* MilluApplicationUITests.xctest */,
			);
			name = Products;
			sourceTree = "<group>";
		};
		9029F8EB28C29CC0009E7819 /* MilluApplication */ = {
			isa = PBXGroup;
			children = (
				1417A03728C2AE4100340C2D /* milluLogo.m4v */,
				9029F8EC28C29CC0009E7819 /* AppDelegate.swift */,
				9029F8EE28C29CC0009E7819 /* SceneDelegate.swift */,
				9029F8F028C29CC0009E7819 /* ViewController.swift */,
				14C5B19928CBC34700B173C6 /* templateCard.swift */,
				14C5B19B28CBC73500B173C6 /* qotdCard.swift */,
				14C5B19D28CBC7C000B173C6 /* activityCard.swift */,
				14570B8028E8F9BF007F4974 /* calendarView.swift */,
				14C5B19F28CBC8DB00B173C6 /* questionCard.swift */,
				14C5B1A128CBC94900B173C6 /* cardPage.swift */,
				9029F8F228C29CC0009E7819 /* Main.storyboard */,
				14B5C17A28E769E800D31EFC /* homeViewController.swift */,
				14570B7728E8C558007F4974 /* exploreViewController.swift */,
				14570B7F28E8F69E007F4974 /* Jost Font */,
				9029F8F528C29CC1009E7819 /* Assets.xcassets */,
				9029F8F728C29CC1009E7819 /* LaunchScreen.storyboard */,
				9029F8FA28C29CC1009E7819 /* Info.plist */,
				907C28B728E7D2310035D22E /* GoogleService-Info.plist */,
			);
			path = MilluApplication;
			sourceTree = "<group>";
		};
		9029F90228C29CC1009E7819 /* MilluApplicationTests */ = {
			isa = PBXGroup;
			children = (
				9029F90328C29CC1009E7819 /* MilluApplicationTests.swift */,
			);
			path = MilluApplicationTests;
			sourceTree = "<group>";
		};
		9029F90C28C29CC1009E7819 /* MilluApplicationUITests */ = {
			isa = PBXGroup;
			children = (
				9029F90D28C29CC1009E7819 /* MilluApplicationUITests.swift */,
				9029F90F28C29CC1009E7819 /* MilluApplicationUITestsLaunchTests.swift */,
			);
			path = MilluApplicationUITests;
			sourceTree = "<group>";
		};
/* End PBXGroup section */

/* Begin PBXNativeTarget section */
		9029F8E828C29CC0009E7819 /* MilluApplication */ = {
			isa = PBXNativeTarget;
			buildConfigurationList = 9029F91328C29CC1009E7819 /* Build configuration list for PBXNativeTarget "MilluApplication" */;
			buildPhases = (
				9029F8E528C29CC0009E7819 /* Sources */,
				9029F8E628C29CC0009E7819 /* Frameworks */,
				9029F8E728C29CC0009E7819 /* Resources */,
			);
			buildRules = (
			);
			dependencies = (
			);
			name = MilluApplication;
			packageProductDependencies = (
				907C28BC28E7D4F10035D22E /* FirebaseAnalytics */,
				907C28BE28E7D4F10035D22E /* FirebaseAnalyticsOnDeviceConversion */,
				907C28C028E7D4F10035D22E /* FirebaseAnalyticsSwift */,
				907C28C228E7D4F10035D22E /* FirebaseAnalyticsWithoutAdIdSupport */,
				907C28C428E7D4F10035D22E /* FirebaseAppCheck */,
				907C28C628E7D4F10035D22E /* FirebaseAppDistribution-Beta */,
				907C28C828E7D4F10035D22E /* FirebaseAuth */,
				907C28CA28E7D4F10035D22E /* FirebaseAuthCombine-Community */,
				907C28CC28E7D4F10035D22E /* FirebaseCrashlytics */,
				907C28CE28E7D4F10035D22E /* FirebaseDatabase */,
				907C28D028E7D4F10035D22E /* FirebaseDatabaseSwift */,
				907C28D228E7D4F10035D22E /* FirebaseDynamicLinks */,
				907C28D428E7D4F10035D22E /* FirebaseFirestore */,
				907C28D628E7D4F10035D22E /* FirebaseFirestoreCombine-Community */,
				907C28D828E7D4F10035D22E /* FirebaseFirestoreSwift */,
				907C28DA28E7D4F10035D22E /* FirebaseFunctions */,
				907C28DC28E7D4F10035D22E /* FirebaseFunctionsCombine-Community */,
				907C28DE28E7D4F10035D22E /* FirebaseInAppMessaging-Beta */,
				907C28E028E7D4F10035D22E /* FirebaseInAppMessagingSwift-Beta */,
				907C28E228E7D4F10035D22E /* FirebaseInstallations */,
				907C28E428E7D4F10035D22E /* FirebaseMessaging */,
				907C28E628E7D4F10035D22E /* FirebasePerformance */,
				907C28E828E7D4F10035D22E /* FirebaseRemoteConfig */,
				907C28EA28E7D4F10035D22E /* FirebaseRemoteConfigSwift */,
				907C28EC28E7D4F10035D22E /* FirebaseStorage */,
				907C28EE28E7D4F10035D22E /* FirebaseStorageCombine-Community */,
			);
			productName = MilluApplication;
			productReference = 9029F8E928C29CC0009E7819 /* MilluApplication.app */;
			productType = "com.apple.product-type.application";
		};
		9029F8FE28C29CC1009E7819 /* MilluApplicationTests */ = {
			isa = PBXNativeTarget;
			buildConfigurationList = 9029F91628C29CC1009E7819 /* Build configuration list for PBXNativeTarget "MilluApplicationTests" */;
			buildPhases = (
				9029F8FB28C29CC1009E7819 /* Sources */,
				9029F8FC28C29CC1009E7819 /* Frameworks */,
				9029F8FD28C29CC1009E7819 /* Resources */,
			);
			buildRules = (
			);
			dependencies = (
				9029F90128C29CC1009E7819 /* PBXTargetDependency */,
			);
			name = MilluApplicationTests;
			productName = MilluApplicationTests;
			productReference = 9029F8FF28C29CC1009E7819 /* MilluApplicationTests.xctest */;
			productType = "com.apple.product-type.bundle.unit-test";
		};
		9029F90828C29CC1009E7819 /* MilluApplicationUITests */ = {
			isa = PBXNativeTarget;
			buildConfigurationList = 9029F91928C29CC1009E7819 /* Build configuration list for PBXNativeTarget "MilluApplicationUITests" */;
			buildPhases = (
				9029F90528C29CC1009E7819 /* Sources */,
				9029F90628C29CC1009E7819 /* Frameworks */,
				9029F90728C29CC1009E7819 /* Resources */,
			);
			buildRules = (
			);
			dependencies = (
				9029F90B28C29CC1009E7819 /* PBXTargetDependency */,
			);
			name = MilluApplicationUITests;
			productName = MilluApplicationUITests;
			productReference = 9029F90928C29CC1009E7819 /* MilluApplicationUITests.xctest */;
			productType = "com.apple.product-type.bundle.ui-testing";
		};
/* End PBXNativeTarget section */

/* Begin PBXProject section */
		9029F8E128C29CC0009E7819 /* Project object */ = {
			isa = PBXProject;
			attributes = {
				BuildIndependentTargetsInParallel = 1;
				LastSwiftUpdateCheck = 1340;
				LastUpgradeCheck = 1340;
				TargetAttributes = {
					9029F8E828C29CC0009E7819 = {
						CreatedOnToolsVersion = 13.4.1;
					};
					9029F8FE28C29CC1009E7819 = {
						CreatedOnToolsVersion = 13.4.1;
						TestTargetID = 9029F8E828C29CC0009E7819;
					};
					9029F90828C29CC1009E7819 = {
						CreatedOnToolsVersion = 13.4.1;
						TestTargetID = 9029F8E828C29CC0009E7819;
					};
				};
			};
			buildConfigurationList = 9029F8E428C29CC0009E7819 /* Build configuration list for PBXProject "MilluApplication" */;
			compatibilityVersion = "Xcode 13.0";
			developmentRegion = en;
			hasScannedForEncodings = 0;
			knownRegions = (
				en,
				Base,
			);
			mainGroup = 9029F8E028C29CC0009E7819;
			packageReferences = (
				907C28BB28E7D4F10035D22E /* XCRemoteSwiftPackageReference "firebase-ios-sdk" */,
			);
			productRefGroup = 9029F8EA28C29CC0009E7819 /* Products */;
			projectDirPath = "";
			projectRoot = "";
			targets = (
				9029F8E828C29CC0009E7819 /* MilluApplication */,
				9029F8FE28C29CC1009E7819 /* MilluApplicationTests */,
				9029F90828C29CC1009E7819 /* MilluApplicationUITests */,
			);
		};
/* End PBXProject section */

/* Begin PBXResourcesBuildPhase section */
		9029F8E728C29CC0009E7819 /* Resources */ = {
			isa = PBXResourcesBuildPhase;
			buildActionMask = 2147483647;
			files = (
				14570B7E28E8F695007F4974 /* Jost-ExtraLight.ttf in Resources */,
				1417A03828C2AF5D00340C2D /* milluLogo.m4v in Resources */,
				9029F8F928C29CC1009E7819 /* LaunchScreen.storyboard in Resources */,
				14570B7C28E8F67C007F4974 /* Jost-Medium.ttf in Resources */,
				907C28B828E7D2320035D22E /* GoogleService-Info.plist in Resources */,
				9029F8F628C29CC1009E7819 /* Assets.xcassets in Resources */,
				9029F8F428C29CC0009E7819 /* Main.storyboard in Resources */,
				14570B7A28E8F661007F4974 /* Jost-Regular.ttf in Resources */,
			);
			runOnlyForDeploymentPostprocessing = 0;
		};
		9029F8FD28C29CC1009E7819 /* Resources */ = {
			isa = PBXResourcesBuildPhase;
			buildActionMask = 2147483647;
			files = (
				907C28B928E7D2320035D22E /* GoogleService-Info.plist in Resources */,
			);
			runOnlyForDeploymentPostprocessing = 0;
		};
		9029F90728C29CC1009E7819 /* Resources */ = {
			isa = PBXResourcesBuildPhase;
			buildActionMask = 2147483647;
			files = (
				907C28BA28E7D2320035D22E /* GoogleService-Info.plist in Resources */,
			);
			runOnlyForDeploymentPostprocessing = 0;
		};
/* End PBXResourcesBuildPhase section */

/* Begin PBXSourcesBuildPhase section */
		9029F8E528C29CC0009E7819 /* Sources */ = {
			isa = PBXSourcesBuildPhase;
			buildActionMask = 2147483647;
			files = (
				14C5B1A228CBC94A00B173C6 /* cardPage.swift in Sources */,
				9029F8F128C29CC0009E7819 /* ViewController.swift in Sources */,
				14570B8128E8F9BF007F4974 /* calendarView.swift in Sources */,
				14C5B19C28CBC73500B173C6 /* qotdCard.swift in Sources */,
				14B5C17B28E769E800D31EFC /* homeViewController.swift in Sources */,
				14C5B19E28CBC7C000B173C6 /* activityCard.swift in Sources */,
				9029F8ED28C29CC0009E7819 /* AppDelegate.swift in Sources */,
				9029F8EF28C29CC0009E7819 /* SceneDelegate.swift in Sources */,
				14C5B19A28CBC34700B173C6 /* templateCard.swift in Sources */,
				14570B7828E8C558007F4974 /* exploreViewController.swift in Sources */,
				14C5B1A028CBC8DB00B173C6 /* questionCard.swift in Sources */,
			);
			runOnlyForDeploymentPostprocessing = 0;
		};
		9029F8FB28C29CC1009E7819 /* Sources */ = {
			isa = PBXSourcesBuildPhase;
			buildActionMask = 2147483647;
			files = (
				9029F90428C29CC1009E7819 /* MilluApplicationTests.swift in Sources */,
			);
			runOnlyForDeploymentPostprocessing = 0;
		};
		9029F90528C29CC1009E7819 /* Sources */ = {
			isa = PBXSourcesBuildPhase;
			buildActionMask = 2147483647;
			files = (
				9029F90E28C29CC1009E7819 /* MilluApplicationUITests.swift in Sources */,
				9029F91028C29CC1009E7819 /* MilluApplicationUITestsLaunchTests.swift in Sources */,
			);
			runOnlyForDeploymentPostprocessing = 0;
		};
/* End PBXSourcesBuildPhase section */

/* Begin PBXTargetDependency section */
		9029F90128C29CC1009E7819 /* PBXTargetDependency */ = {
			isa = PBXTargetDependency;
			target = 9029F8E828C29CC0009E7819 /* MilluApplication */;
			targetProxy = 9029F90028C29CC1009E7819 /* PBXContainerItemProxy */;
		};
		9029F90B28C29CC1009E7819 /* PBXTargetDependency */ = {
			isa = PBXTargetDependency;
			target = 9029F8E828C29CC0009E7819 /* MilluApplication */;
			targetProxy = 9029F90A28C29CC1009E7819 /* PBXContainerItemProxy */;
		};
/* End PBXTargetDependency section */

/* Begin PBXVariantGroup section */
		9029F8F228C29CC0009E7819 /* Main.storyboard */ = {
			isa = PBXVariantGroup;
			children = (
				9029F8F328C29CC0009E7819 /* Base */,
			);
			name = Main.storyboard;
			sourceTree = "<group>";
		};
		9029F8F728C29CC1009E7819 /* LaunchScreen.storyboard */ = {
			isa = PBXVariantGroup;
			children = (
				9029F8F828C29CC1009E7819 /* Base */,
			);
			name = LaunchScreen.storyboard;
			sourceTree = "<group>";
		};
/* End PBXVariantGroup section */

/* Begin XCBuildConfiguration section */
		9029F91128C29CC1009E7819 /* Debug */ = {
			isa = XCBuildConfiguration;
			buildSettings = {
				ALWAYS_SEARCH_USER_PATHS = NO;
				CLANG_ANALYZER_NONNULL = YES;
				CLANG_ANALYZER_NUMBER_OBJECT_CONVERSION = YES_AGGRESSIVE;
				CLANG_CXX_LANGUAGE_STANDARD = "gnu++17";
				CLANG_ENABLE_MODULES = YES;
				CLANG_ENABLE_OBJC_ARC = YES;
				CLANG_ENABLE_OBJC_WEAK = YES;
				CLANG_WARN_BLOCK_CAPTURE_AUTORELEASING = YES;
				CLANG_WARN_BOOL_CONVERSION = YES;
				CLANG_WARN_COMMA = YES;
				CLANG_WARN_CONSTANT_CONVERSION = YES;
				CLANG_WARN_DEPRECATED_OBJC_IMPLEMENTATIONS = YES;
				CLANG_WARN_DIRECT_OBJC_ISA_USAGE = YES_ERROR;
				CLANG_WARN_DOCUMENTATION_COMMENTS = YES;
				CLANG_WARN_EMPTY_BODY = YES;
				CLANG_WARN_ENUM_CONVERSION = YES;
				CLANG_WARN_INFINITE_RECURSION = YES;
				CLANG_WARN_INT_CONVERSION = YES;
				CLANG_WARN_NON_LITERAL_NULL_CONVERSION = YES;
				CLANG_WARN_OBJC_IMPLICIT_RETAIN_SELF = YES;
				CLANG_WARN_OBJC_LITERAL_CONVERSION = YES;
				CLANG_WARN_OBJC_ROOT_CLASS = YES_ERROR;
				CLANG_WARN_QUOTED_INCLUDE_IN_FRAMEWORK_HEADER = YES;
				CLANG_WARN_RANGE_LOOP_ANALYSIS = YES;
				CLANG_WARN_STRICT_PROTOTYPES = YES;
				CLANG_WARN_SUSPICIOUS_MOVE = YES;
				CLANG_WARN_UNGUARDED_AVAILABILITY = YES_AGGRESSIVE;
				CLANG_WARN_UNREACHABLE_CODE = YES;
				CLANG_WARN__DUPLICATE_METHOD_MATCH = YES;
				COPY_PHASE_STRIP = NO;
				DEBUG_INFORMATION_FORMAT = dwarf;
				ENABLE_STRICT_OBJC_MSGSEND = YES;
				ENABLE_TESTABILITY = YES;
				GCC_C_LANGUAGE_STANDARD = gnu11;
				GCC_DYNAMIC_NO_PIC = NO;
				GCC_NO_COMMON_BLOCKS = YES;
				GCC_OPTIMIZATION_LEVEL = 0;
				GCC_PREPROCESSOR_DEFINITIONS = (
					"DEBUG=1",
					"$(inherited)",
				);
				GCC_WARN_64_TO_32_BIT_CONVERSION = YES;
				GCC_WARN_ABOUT_RETURN_TYPE = YES_ERROR;
				GCC_WARN_UNDECLARED_SELECTOR = YES;
				GCC_WARN_UNINITIALIZED_AUTOS = YES_AGGRESSIVE;
				GCC_WARN_UNUSED_FUNCTION = YES;
				GCC_WARN_UNUSED_VARIABLE = YES;
				IPHONEOS_DEPLOYMENT_TARGET = 15.5;
				MTL_ENABLE_DEBUG_INFO = INCLUDE_SOURCE;
				MTL_FAST_MATH = YES;
				ONLY_ACTIVE_ARCH = YES;
				SDKROOT = iphoneos;
				SWIFT_ACTIVE_COMPILATION_CONDITIONS = DEBUG;
				SWIFT_OPTIMIZATION_LEVEL = "-Onone";
			};
			name = Debug;
		};
		9029F91228C29CC1009E7819 /* Release */ = {
			isa = XCBuildConfiguration;
			buildSettings = {
				ALWAYS_SEARCH_USER_PATHS = NO;
				CLANG_ANALYZER_NONNULL = YES;
				CLANG_ANALYZER_NUMBER_OBJECT_CONVERSION = YES_AGGRESSIVE;
				CLANG_CXX_LANGUAGE_STANDARD = "gnu++17";
				CLANG_ENABLE_MODULES = YES;
				CLANG_ENABLE_OBJC_ARC = YES;
				CLANG_ENABLE_OBJC_WEAK = YES;
				CLANG_WARN_BLOCK_CAPTURE_AUTORELEASING = YES;
				CLANG_WARN_BOOL_CONVERSION = YES;
				CLANG_WARN_COMMA = YES;
				CLANG_WARN_CONSTANT_CONVERSION = YES;
				CLANG_WARN_DEPRECATED_OBJC_IMPLEMENTATIONS = YES;
				CLANG_WARN_DIRECT_OBJC_ISA_USAGE = YES_ERROR;
				CLANG_WARN_DOCUMENTATION_COMMENTS = YES;
				CLANG_WARN_EMPTY_BODY = YES;
				CLANG_WARN_ENUM_CONVERSION = YES;
				CLANG_WARN_INFINITE_RECURSION = YES;
				CLANG_WARN_INT_CONVERSION = YES;
				CLANG_WARN_NON_LITERAL_NULL_CONVERSION = YES;
				CLANG_WARN_OBJC_IMPLICIT_RETAIN_SELF = YES;
				CLANG_WARN_OBJC_LITERAL_CONVERSION = YES;
				CLANG_WARN_OBJC_ROOT_CLASS = YES_ERROR;
				CLANG_WARN_QUOTED_INCLUDE_IN_FRAMEWORK_HEADER = YES;
				CLANG_WARN_RANGE_LOOP_ANALYSIS = YES;
				CLANG_WARN_STRICT_PROTOTYPES = YES;
				CLANG_WARN_SUSPICIOUS_MOVE = YES;
				CLANG_WARN_UNGUARDED_AVAILABILITY = YES_AGGRESSIVE;
				CLANG_WARN_UNREACHABLE_CODE = YES;
				CLANG_WARN__DUPLICATE_METHOD_MATCH = YES;
				COPY_PHASE_STRIP = NO;
				DEBUG_INFORMATION_FORMAT = "dwarf-with-dsym";
				ENABLE_NS_ASSERTIONS = NO;
				ENABLE_STRICT_OBJC_MSGSEND = YES;
				GCC_C_LANGUAGE_STANDARD = gnu11;
				GCC_NO_COMMON_BLOCKS = YES;
				GCC_WARN_64_TO_32_BIT_CONVERSION = YES;
				GCC_WARN_ABOUT_RETURN_TYPE = YES_ERROR;
				GCC_WARN_UNDECLARED_SELECTOR = YES;
				GCC_WARN_UNINITIALIZED_AUTOS = YES_AGGRESSIVE;
				GCC_WARN_UNUSED_FUNCTION = YES;
				GCC_WARN_UNUSED_VARIABLE = YES;
				IPHONEOS_DEPLOYMENT_TARGET = 15.5;
				MTL_ENABLE_DEBUG_INFO = NO;
				MTL_FAST_MATH = YES;
				SDKROOT = iphoneos;
				SWIFT_COMPILATION_MODE = wholemodule;
				SWIFT_OPTIMIZATION_LEVEL = "-O";
				VALIDATE_PRODUCT = YES;
			};
			name = Release;
		};
		9029F91428C29CC1009E7819 /* Debug */ = {
			isa = XCBuildConfiguration;
			buildSettings = {
				ASSETCATALOG_COMPILER_APPICON_NAME = AppIcon;
				ASSETCATALOG_COMPILER_GLOBAL_ACCENT_COLOR_NAME = AccentColor;
				CODE_SIGN_STYLE = Automatic;
				CURRENT_PROJECT_VERSION = 1;
				DEVELOPMENT_TEAM = SM4UF9D2DS;
				GENERATE_INFOPLIST_FILE = YES;
				INFOPLIST_FILE = MilluApplication/Info.plist;
				INFOPLIST_KEY_UIApplicationSupportsIndirectInputEvents = YES;
				INFOPLIST_KEY_UILaunchStoryboardName = LaunchScreen;
				INFOPLIST_KEY_UIMainStoryboardFile = Main;
				INFOPLIST_KEY_UISupportedInterfaceOrientations = UIInterfaceOrientationPortrait;
				INFOPLIST_KEY_UISupportedInterfaceOrientations_iPad = "UIInterfaceOrientationPortrait UIInterfaceOrientationPortraitUpsideDown UIInterfaceOrientationLandscapeLeft UIInterfaceOrientationLandscapeRight";
				INFOPLIST_KEY_UISupportedInterfaceOrientations_iPhone = "UIInterfaceOrientationPortrait UIInterfaceOrientationLandscapeLeft UIInterfaceOrientationLandscapeRight";
				LD_RUNPATH_SEARCH_PATHS = (
					"$(inherited)",
					"@executable_path/Frameworks",
				);
				MARKETING_VERSION = 1.0;
				PRODUCT_BUNDLE_IDENTIFIER = jio.osephhartono.MilluApplication;
				PRODUCT_NAME = "$(TARGET_NAME)";
				SWIFT_EMIT_LOC_STRINGS = YES;
				SWIFT_VERSION = 5.0;
				TARGETED_DEVICE_FAMILY = "1,2";
			};
			name = Debug;
		};
		9029F91528C29CC1009E7819 /* Release */ = {
			isa = XCBuildConfiguration;
			buildSettings = {
				ASSETCATALOG_COMPILER_APPICON_NAME = AppIcon;
				ASSETCATALOG_COMPILER_GLOBAL_ACCENT_COLOR_NAME = AccentColor;
				CODE_SIGN_STYLE = Automatic;
				CURRENT_PROJECT_VERSION = 1;
				DEVELOPMENT_TEAM = SM4UF9D2DS;
				GENERATE_INFOPLIST_FILE = YES;
				INFOPLIST_FILE = MilluApplication/Info.plist;
				INFOPLIST_KEY_UIApplicationSupportsIndirectInputEvents = YES;
				INFOPLIST_KEY_UILaunchStoryboardName = LaunchScreen;
				INFOPLIST_KEY_UIMainStoryboardFile = Main;
				INFOPLIST_KEY_UISupportedInterfaceOrientations = UIInterfaceOrientationPortrait;
				INFOPLIST_KEY_UISupportedInterfaceOrientations_iPad = "UIInterfaceOrientationPortrait UIInterfaceOrientationPortraitUpsideDown UIInterfaceOrientationLandscapeLeft UIInterfaceOrientationLandscapeRight";
				INFOPLIST_KEY_UISupportedInterfaceOrientations_iPhone = "UIInterfaceOrientationPortrait UIInterfaceOrientationLandscapeLeft UIInterfaceOrientationLandscapeRight";
				LD_RUNPATH_SEARCH_PATHS = (
					"$(inherited)",
					"@executable_path/Frameworks",
				);
				MARKETING_VERSION = 1.0;
				PRODUCT_BUNDLE_IDENTIFIER = jio.osephhartono.MilluApplication;
				PRODUCT_NAME = "$(TARGET_NAME)";
				SWIFT_EMIT_LOC_STRINGS = YES;
				SWIFT_VERSION = 5.0;
				TARGETED_DEVICE_FAMILY = "1,2";
			};
			name = Release;
		};
		9029F91728C29CC1009E7819 /* Debug */ = {
			isa = XCBuildConfiguration;
			buildSettings = {
				ALWAYS_EMBED_SWIFT_STANDARD_LIBRARIES = YES;
				BUNDLE_LOADER = "$(TEST_HOST)";
				CODE_SIGN_STYLE = Automatic;
				CURRENT_PROJECT_VERSION = 1;
				DEVELOPMENT_TEAM = SM4UF9D2DS;
				GENERATE_INFOPLIST_FILE = YES;
				IPHONEOS_DEPLOYMENT_TARGET = 15.5;
				MARKETING_VERSION = 1.0;
				PRODUCT_BUNDLE_IDENTIFIER = jio.osephhartono.MilluApplicationTests;
				PRODUCT_NAME = "$(TARGET_NAME)";
				SWIFT_EMIT_LOC_STRINGS = NO;
				SWIFT_VERSION = 5.0;
				TARGETED_DEVICE_FAMILY = "1,2";
				TEST_HOST = "$(BUILT_PRODUCTS_DIR)/MilluApplication.app/MilluApplication";
			};
			name = Debug;
		};
		9029F91828C29CC1009E7819 /* Release */ = {
			isa = XCBuildConfiguration;
			buildSettings = {
				ALWAYS_EMBED_SWIFT_STANDARD_LIBRARIES = YES;
				BUNDLE_LOADER = "$(TEST_HOST)";
				CODE_SIGN_STYLE = Automatic;
				CURRENT_PROJECT_VERSION = 1;
				DEVELOPMENT_TEAM = SM4UF9D2DS;
				GENERATE_INFOPLIST_FILE = YES;
				IPHONEOS_DEPLOYMENT_TARGET = 15.5;
				MARKETING_VERSION = 1.0;
				PRODUCT_BUNDLE_IDENTIFIER = jio.osephhartono.MilluApplicationTests;
				PRODUCT_NAME = "$(TARGET_NAME)";
				SWIFT_EMIT_LOC_STRINGS = NO;
				SWIFT_VERSION = 5.0;
				TARGETED_DEVICE_FAMILY = "1,2";
				TEST_HOST = "$(BUILT_PRODUCTS_DIR)/MilluApplication.app/MilluApplication";
			};
			name = Release;
		};
		9029F91A28C29CC1009E7819 /* Debug */ = {
			isa = XCBuildConfiguration;
			buildSettings = {
				ALWAYS_EMBED_SWIFT_STANDARD_LIBRARIES = YES;
				CODE_SIGN_STYLE = Automatic;
				CURRENT_PROJECT_VERSION = 1;
				DEVELOPMENT_TEAM = SM4UF9D2DS;
				GENERATE_INFOPLIST_FILE = YES;
				MARKETING_VERSION = 1.0;
				PRODUCT_BUNDLE_IDENTIFIER = jio.osephhartono.MilluApplicationUITests;
				PRODUCT_NAME = "$(TARGET_NAME)";
				SWIFT_EMIT_LOC_STRINGS = NO;
				SWIFT_VERSION = 5.0;
				TARGETED_DEVICE_FAMILY = "1,2";
				TEST_TARGET_NAME = MilluApplication;
			};
			name = Debug;
		};
		9029F91B28C29CC1009E7819 /* Release */ = {
			isa = XCBuildConfiguration;
			buildSettings = {
				ALWAYS_EMBED_SWIFT_STANDARD_LIBRARIES = YES;
				CODE_SIGN_STYLE = Automatic;
				CURRENT_PROJECT_VERSION = 1;
				DEVELOPMENT_TEAM = SM4UF9D2DS;
				GENERATE_INFOPLIST_FILE = YES;
				MARKETING_VERSION = 1.0;
				PRODUCT_BUNDLE_IDENTIFIER = jio.osephhartono.MilluApplicationUITests;
				PRODUCT_NAME = "$(TARGET_NAME)";
				SWIFT_EMIT_LOC_STRINGS = NO;
				SWIFT_VERSION = 5.0;
				TARGETED_DEVICE_FAMILY = "1,2";
				TEST_TARGET_NAME = MilluApplication;
			};
			name = Release;
		};
/* End XCBuildConfiguration section */

/* Begin XCConfigurationList section */
		9029F8E428C29CC0009E7819 /* Build configuration list for PBXProject "MilluApplication" */ = {
			isa = XCConfigurationList;
			buildConfigurations = (
				9029F91128C29CC1009E7819 /* Debug */,
				9029F91228C29CC1009E7819 /* Release */,
			);
			defaultConfigurationIsVisible = 0;
			defaultConfigurationName = Release;
		};
		9029F91328C29CC1009E7819 /* Build configuration list for PBXNativeTarget "MilluApplication" */ = {
			isa = XCConfigurationList;
			buildConfigurations = (
				9029F91428C29CC1009E7819 /* Debug */,
				9029F91528C29CC1009E7819 /* Release */,
			);
			defaultConfigurationIsVisible = 0;
			defaultConfigurationName = Release;
		};
		9029F91628C29CC1009E7819 /* Build configuration list for PBXNativeTarget "MilluApplicationTests" */ = {
			isa = XCConfigurationList;
			buildConfigurations = (
				9029F91728C29CC1009E7819 /* Debug */,
				9029F91828C29CC1009E7819 /* Release */,
			);
			defaultConfigurationIsVisible = 0;
			defaultConfigurationName = Release;
		};
		9029F91928C29CC1009E7819 /* Build configuration list for PBXNativeTarget "MilluApplicationUITests" */ = {
			isa = XCConfigurationList;
			buildConfigurations = (
				9029F91A28C29CC1009E7819 /* Debug */,
				9029F91B28C29CC1009E7819 /* Release */,
			);
			defaultConfigurationIsVisible = 0;
			defaultConfigurationName = Release;
		};
/* End XCConfigurationList section */

/* Begin XCRemoteSwiftPackageReference section */
		907C28BB28E7D4F10035D22E /* XCRemoteSwiftPackageReference "firebase-ios-sdk" */ = {
			isa = XCRemoteSwiftPackageReference;
			repositoryURL = "https://github.com/firebase/firebase-ios-sdk";
			requirement = {
				kind = upToNextMajorVersion;
				minimumVersion = 9.0.0;
			};
		};
/* End XCRemoteSwiftPackageReference section */

/* Begin XCSwiftPackageProductDependency section */
		907C28BC28E7D4F10035D22E /* FirebaseAnalytics */ = {
			isa = XCSwiftPackageProductDependency;
			package = 907C28BB28E7D4F10035D22E /* XCRemoteSwiftPackageReference "firebase-ios-sdk" */;
			productName = FirebaseAnalytics;
		};
		907C28BE28E7D4F10035D22E /* FirebaseAnalyticsOnDeviceConversion */ = {
			isa = XCSwiftPackageProductDependency;
			package = 907C28BB28E7D4F10035D22E /* XCRemoteSwiftPackageReference "firebase-ios-sdk" */;
			productName = FirebaseAnalyticsOnDeviceConversion;
		};
		907C28C028E7D4F10035D22E /* FirebaseAnalyticsSwift */ = {
			isa = XCSwiftPackageProductDependency;
			package = 907C28BB28E7D4F10035D22E /* XCRemoteSwiftPackageReference "firebase-ios-sdk" */;
			productName = FirebaseAnalyticsSwift;
		};
		907C28C228E7D4F10035D22E /* FirebaseAnalyticsWithoutAdIdSupport */ = {
			isa = XCSwiftPackageProductDependency;
			package = 907C28BB28E7D4F10035D22E /* XCRemoteSwiftPackageReference "firebase-ios-sdk" */;
			productName = FirebaseAnalyticsWithoutAdIdSupport;
		};
		907C28C428E7D4F10035D22E /* FirebaseAppCheck */ = {
			isa = XCSwiftPackageProductDependency;
			package = 907C28BB28E7D4F10035D22E /* XCRemoteSwiftPackageReference "firebase-ios-sdk" */;
			productName = FirebaseAppCheck;
		};
		907C28C628E7D4F10035D22E /* FirebaseAppDistribution-Beta */ = {
			isa = XCSwiftPackageProductDependency;
			package = 907C28BB28E7D4F10035D22E /* XCRemoteSwiftPackageReference "firebase-ios-sdk" */;
			productName = "FirebaseAppDistribution-Beta";
		};
		907C28C828E7D4F10035D22E /* FirebaseAuth */ = {
			isa = XCSwiftPackageProductDependency;
			package = 907C28BB28E7D4F10035D22E /* XCRemoteSwiftPackageReference "firebase-ios-sdk" */;
			productName = FirebaseAuth;
		};
		907C28CA28E7D4F10035D22E /* FirebaseAuthCombine-Community */ = {
			isa = XCSwiftPackageProductDependency;
			package = 907C28BB28E7D4F10035D22E /* XCRemoteSwiftPackageReference "firebase-ios-sdk" */;
			productName = "FirebaseAuthCombine-Community";
		};
		907C28CC28E7D4F10035D22E /* FirebaseCrashlytics */ = {
			isa = XCSwiftPackageProductDependency;
			package = 907C28BB28E7D4F10035D22E /* XCRemoteSwiftPackageReference "firebase-ios-sdk" */;
			productName = FirebaseCrashlytics;
		};
		907C28CE28E7D4F10035D22E /* FirebaseDatabase */ = {
			isa = XCSwiftPackageProductDependency;
			package = 907C28BB28E7D4F10035D22E /* XCRemoteSwiftPackageReference "firebase-ios-sdk" */;
			productName = FirebaseDatabase;
		};
		907C28D028E7D4F10035D22E /* FirebaseDatabaseSwift */ = {
			isa = XCSwiftPackageProductDependency;
			package = 907C28BB28E7D4F10035D22E /* XCRemoteSwiftPackageReference "firebase-ios-sdk" */;
			productName = FirebaseDatabaseSwift;
		};
		907C28D228E7D4F10035D22E /* FirebaseDynamicLinks */ = {
			isa = XCSwiftPackageProductDependency;
			package = 907C28BB28E7D4F10035D22E /* XCRemoteSwiftPackageReference "firebase-ios-sdk" */;
			productName = FirebaseDynamicLinks;
		};
		907C28D428E7D4F10035D22E /* FirebaseFirestore */ = {
			isa = XCSwiftPackageProductDependency;
			package = 907C28BB28E7D4F10035D22E /* XCRemoteSwiftPackageReference "firebase-ios-sdk" */;
			productName = FirebaseFirestore;
		};
		907C28D628E7D4F10035D22E /* FirebaseFirestoreCombine-Community */ = {
			isa = XCSwiftPackageProductDependency;
			package = 907C28BB28E7D4F10035D22E /* XCRemoteSwiftPackageReference "firebase-ios-sdk" */;
			productName = "FirebaseFirestoreCombine-Community";
		};
		907C28D828E7D4F10035D22E /* FirebaseFirestoreSwift */ = {
			isa = XCSwiftPackageProductDependency;
			package = 907C28BB28E7D4F10035D22E /* XCRemoteSwiftPackageReference "firebase-ios-sdk" */;
			productName = FirebaseFirestoreSwift;
		};
		907C28DA28E7D4F10035D22E /* FirebaseFunctions */ = {
			isa = XCSwiftPackageProductDependency;
			package = 907C28BB28E7D4F10035D22E /* XCRemoteSwiftPackageReference "firebase-ios-sdk" */;
			productName = FirebaseFunctions;
		};
		907C28DC28E7D4F10035D22E /* FirebaseFunctionsCombine-Community */ = {
			isa = XCSwiftPackageProductDependency;
			package = 907C28BB28E7D4F10035D22E /* XCRemoteSwiftPackageReference "firebase-ios-sdk" */;
			productName = "FirebaseFunctionsCombine-Community";
		};
		907C28DE28E7D4F10035D22E /* FirebaseInAppMessaging-Beta */ = {
			isa = XCSwiftPackageProductDependency;
			package = 907C28BB28E7D4F10035D22E /* XCRemoteSwiftPackageReference "firebase-ios-sdk" */;
			productName = "FirebaseInAppMessaging-Beta";
		};
		907C28E028E7D4F10035D22E /* FirebaseInAppMessagingSwift-Beta */ = {
			isa = XCSwiftPackageProductDependency;
			package = 907C28BB28E7D4F10035D22E /* XCRemoteSwiftPackageReference "firebase-ios-sdk" */;
			productName = "FirebaseInAppMessagingSwift-Beta";
		};
		907C28E228E7D4F10035D22E /* FirebaseInstallations */ = {
			isa = XCSwiftPackageProductDependency;
			package = 907C28BB28E7D4F10035D22E /* XCRemoteSwiftPackageReference "firebase-ios-sdk" */;
			productName = FirebaseInstallations;
		};
		907C28E428E7D4F10035D22E /* FirebaseMessaging */ = {
			isa = XCSwiftPackageProductDependency;
			package = 907C28BB28E7D4F10035D22E /* XCRemoteSwiftPackageReference "firebase-ios-sdk" */;
			productName = FirebaseMessaging;
		};
		907C28E628E7D4F10035D22E /* FirebasePerformance */ = {
			isa = XCSwiftPackageProductDependency;
			package = 907C28BB28E7D4F10035D22E /* XCRemoteSwiftPackageReference "firebase-ios-sdk" */;
			productName = FirebasePerformance;
		};
		907C28E828E7D4F10035D22E /* FirebaseRemoteConfig */ = {
			isa = XCSwiftPackageProductDependency;
			package = 907C28BB28E7D4F10035D22E /* XCRemoteSwiftPackageReference "firebase-ios-sdk" */;
			productName = FirebaseRemoteConfig;
		};
		907C28EA28E7D4F10035D22E /* FirebaseRemoteConfigSwift */ = {
			isa = XCSwiftPackageProductDependency;
			package = 907C28BB28E7D4F10035D22E /* XCRemoteSwiftPackageReference "firebase-ios-sdk" */;
			productName = FirebaseRemoteConfigSwift;
		};
		907C28EC28E7D4F10035D22E /* FirebaseStorage */ = {
			isa = XCSwiftPackageProductDependency;
			package = 907C28BB28E7D4F10035D22E /* XCRemoteSwiftPackageReference "firebase-ios-sdk" */;
			productName = FirebaseStorage;
		};
		907C28EE28E7D4F10035D22E /* FirebaseStorageCombine-Community */ = {
			isa = XCSwiftPackageProductDependency;
			package = 907C28BB28E7D4F10035D22E /* XCRemoteSwiftPackageReference "firebase-ios-sdk" */;
			productName = "FirebaseStorageCombine-Community";
		};
/* End XCSwiftPackageProductDependency section */
	};
	rootObject = 9029F8E128C29CC0009E7819 /* Project object */;
}
